Microsoft Visual Studio Solution File, Format Version 12.00
# Visual Studio 2012
Project("{FAE04EC0-301F-11D3-BF4B-00C04F79EFBC}") = "Asteroids", "Asteroids.csproj", "{D9334453-B20F-42EE-9FB8-089958A2B1AE}"
EndProject
Global
	GlobalSection(SolutionConfigurationPlatforms) = preSolution
	Debug|Any CPU = Debug|Any CPU
	ExportDebug|Any CPU = ExportDebug|Any CPU
	ExportRelease|Any CPU = ExportRelease|Any CPU
	EndGlobalSection
	GlobalSection(ProjectConfigurationPlatforms) = postSolution
		{D9334453-B20F-42EE-9FB8-089958A2B1AE}.Debug|Any CPU.ActiveCfg = Debug|Any CPU
		{D9334453-B20F-42EE-9FB8-089958A2B1AE}.Debug|Any CPU.Build.0 = Debug|Any CPU
		{D9334453-B20F-42EE-9FB8-089958A2B1AE}.ExportDebug|Any CPU.ActiveCfg = ExportDebug|Any CPU
		{D9334453-B20F-42EE-9FB8-089958A2B1AE}.ExportDebug|Any CPU.Build.0 = ExportDebug|Any CPU
		{D9334453-B20F-42EE-9FB8-089958A2B1AE}.ExportRelease|Any CPU.ActiveCfg = ExportRelease|Any CPU
		{D9334453-B20F-42EE-9FB8-089958A2B1AE}.ExportRelease|Any CPU.Build.0 = ExportRelease|Any CPU
	EndGlobalSection
EndGlobal
